
Microsoft Visual Studio Solution File, Format Version 12.00
# Visual Studio 2013
VisualStudioVersion = 12.0.21005.1
MinimumVisualStudioVersion = 10.0.40219.1
Project("{8BC9CEB8-8B4A-11D0-8D11-00A0C91BC942}") = "Week 6", "Week 6\Week 6.vcxproj", "{6C1E0319-987A-4136-8C10-B73DC913D392}"
EndProject
Project("{8BC9CEB8-8B4A-11D0-8D11-00A0C91BC942}") = "Week 6(2)", "Week 6(2)\Week 6(2).vcxproj", "{C198BC92-D5C4-4344-A14C-4D01F6CB4B55}"
EndProject
Project("{8BC9CEB8-8B4A-11D0-8D11-00A0C91BC942}") = "Week 6（3）", "Week 6（3）\Week 6（3）.vcxproj", "{BAB03B9E-6730-4D43-BCCD-CB5463B0CF05}"
EndProject
Global
	GlobalSection(SolutionConfigurationPlatforms) = preSolution
		Debug|Win32 = Debug|Win32
		Release|Win32 = Release|Win32
	EndGlobalSection
	GlobalSection(ProjectConfigurationPlatforms) = postSolution
		{6C1E0319-987A-4136-8C10-B73DC913D392}.Debug|Win32.ActiveCfg = Debug|Win32
		{6C1E0319-987A-4136-8C10-B73DC913D392}.Debug|Win32.Build.0 = Debug|Win32
		{6C1E0319-987A-4136-8C10-B73DC913D392}.Release|Win32.ActiveCfg = Release|Win32
		{6C1E0319-987A-4136-8C10-B73DC913D392}.Release|Win32.Build.0 = Release|Win32
		{C198BC92-D5C4-4344-A14C-4D01F6CB4B55}.Debug|Win32.ActiveCfg = Debug|Win32
		{C198BC92-D5C4-4344-A14C-4D01F6CB4B55}.Debug|Win32.Build.0 = Debug|Win32
		{C198BC92-D5C4-4344-A14C-4D01F6CB4B55}.Release|Win32.ActiveCfg = Release|Win32
		{C198BC92-D5C4-4344-A14C-4D01F6CB4B55}.Release|Win32.Build.0 = Release|Win32
		{BAB03B9E-6730-4D43-BCCD-CB5463B0CF05}.Debug|Win32.ActiveCfg = Debug|Win32
		{BAB03B9E-6730-4D43-BCCD-CB5463B0CF05}.Debug|Win32.Build.0 = Debug|Win32
		{BAB03B9E-6730-4D43-BCCD-CB5463B0CF05}.Release|Win32.ActiveCfg = Release|Win32
		{BAB03B9E-6730-4D43-BCCD-CB5463B0CF05}.Release|Win32.Build.0 = Release|Win32
	EndGlobalSection
	GlobalSection(SolutionProperties) = preSolution
		HideSolutionNode = FALSE
	EndGlobalSection
EndGlobal
