
Microsoft Visual Studio Solution File, Format Version 12.00
# Visual Studio 2013
VisualStudioVersion = 12.0.21005.1
MinimumVisualStudioVersion = 10.0.40219.1
Project("{8BC9CEB8-8B4A-11D0-8D11-00A0C91BC942}") = "Final", "Final\Final.vcxproj", "{C1A4C752-9F5C-4F42-A4D0-BC967A654D30}"
EndProject
Project("{8BC9CEB8-8B4A-11D0-8D11-00A0C91BC942}") = "Final (2)", "Final (2)\Final (2).vcxproj", "{C8331840-4491-4CB9-9883-37B8F03F7414}"
EndProject
Project("{8BC9CEB8-8B4A-11D0-8D11-00A0C91BC942}") = "Final (3)", "Final (3)\Final (3).vcxproj", "{72E53844-D3D4-48B5-B709-E49888400A74}"
EndProject
Project("{8BC9CEB8-8B4A-11D0-8D11-00A0C91BC942}") = "Final (4)", "Final (4)\Final (4).vcxproj", "{044D7247-53A1-4049-8ABC-315865467D47}"
EndProject
Project("{8BC9CEB8-8B4A-11D0-8D11-00A0C91BC942}") = "Final (5)", "Final (5)\Final (5).vcxproj", "{B6DB1927-98DC-44CF-8150-6B4FC8132E26}"
EndProject
Global
	GlobalSection(SolutionConfigurationPlatforms) = preSolution
		Debug|Win32 = Debug|Win32
		Release|Win32 = Release|Win32
	EndGlobalSection
	GlobalSection(ProjectConfigurationPlatforms) = postSolution
		{C1A4C752-9F5C-4F42-A4D0-BC967A654D30}.Debug|Win32.ActiveCfg = Debug|Win32
		{C1A4C752-9F5C-4F42-A4D0-BC967A654D30}.Debug|Win32.Build.0 = Debug|Win32
		{C1A4C752-9F5C-4F42-A4D0-BC967A654D30}.Release|Win32.ActiveCfg = Release|Win32
		{C1A4C752-9F5C-4F42-A4D0-BC967A654D30}.Release|Win32.Build.0 = Release|Win32
		{C8331840-4491-4CB9-9883-37B8F03F7414}.Debug|Win32.ActiveCfg = Debug|Win32
		{C8331840-4491-4CB9-9883-37B8F03F7414}.Debug|Win32.Build.0 = Debug|Win32
		{C8331840-4491-4CB9-9883-37B8F03F7414}.Release|Win32.ActiveCfg = Release|Win32
		{C8331840-4491-4CB9-9883-37B8F03F7414}.Release|Win32.Build.0 = Release|Win32
		{72E53844-D3D4-48B5-B709-E49888400A74}.Debug|Win32.ActiveCfg = Debug|Win32
		{72E53844-D3D4-48B5-B709-E49888400A74}.Debug|Win32.Build.0 = Debug|Win32
		{72E53844-D3D4-48B5-B709-E49888400A74}.Release|Win32.ActiveCfg = Release|Win32
		{72E53844-D3D4-48B5-B709-E49888400A74}.Release|Win32.Build.0 = Release|Win32
		{044D7247-53A1-4049-8ABC-315865467D47}.Debug|Win32.ActiveCfg = Debug|Win32
		{044D7247-53A1-4049-8ABC-315865467D47}.Debug|Win32.Build.0 = Debug|Win32
		{044D7247-53A1-4049-8ABC-315865467D47}.Release|Win32.ActiveCfg = Release|Win32
		{044D7247-53A1-4049-8ABC-315865467D47}.Release|Win32.Build.0 = Release|Win32
		{B6DB1927-98DC-44CF-8150-6B4FC8132E26}.Debug|Win32.ActiveCfg = Debug|Win32
		{B6DB1927-98DC-44CF-8150-6B4FC8132E26}.Debug|Win32.Build.0 = Debug|Win32
		{B6DB1927-98DC-44CF-8150-6B4FC8132E26}.Release|Win32.ActiveCfg = Release|Win32
		{B6DB1927-98DC-44CF-8150-6B4FC8132E26}.Release|Win32.Build.0 = Release|Win32
	EndGlobalSection
	GlobalSection(SolutionProperties) = preSolution
		HideSolutionNode = FALSE
	EndGlobalSection
EndGlobal
