
Microsoft Visual Studio Solution File, Format Version 12.00
# Visual Studio 2013
VisualStudioVersion = 12.0.21005.1
MinimumVisualStudioVersion = 10.0.40219.1
Project("{8BC9CEB8-8B4A-11D0-8D11-00A0C91BC942}") = "Week 3", "Week 3\Week 3.vcxproj", "{F3BE211B-2762-4132-B7CA-2F564CB502D5}"
EndProject
Project("{8BC9CEB8-8B4A-11D0-8D11-00A0C91BC942}") = "Week 3(2)", "Week 3(2)\Week 3(2).vcxproj", "{47032DCF-CC33-4AA0-B945-CB3318A37965}"
EndProject
Project("{8BC9CEB8-8B4A-11D0-8D11-00A0C91BC942}") = "Week 3(3)", "Week 3(3)\Week 3(3).vcxproj", "{8A1FF006-4165-4336-85F1-D74891B36304}"
EndProject
Project("{8BC9CEB8-8B4A-11D0-8D11-00A0C91BC942}") = "Week 3(4)", "Week 3(4)\Week 3(4).vcxproj", "{DE9BE857-CBFD-4197-B3B8-26B6C2BA0E4F}"
EndProject
Global
	GlobalSection(SolutionConfigurationPlatforms) = preSolution
		Debug|Win32 = Debug|Win32
		Release|Win32 = Release|Win32
	EndGlobalSection
	GlobalSection(ProjectConfigurationPlatforms) = postSolution
		{F3BE211B-2762-4132-B7CA-2F564CB502D5}.Debug|Win32.ActiveCfg = Debug|Win32
		{F3BE211B-2762-4132-B7CA-2F564CB502D5}.Debug|Win32.Build.0 = Debug|Win32
		{F3BE211B-2762-4132-B7CA-2F564CB502D5}.Release|Win32.ActiveCfg = Release|Win32
		{F3BE211B-2762-4132-B7CA-2F564CB502D5}.Release|Win32.Build.0 = Release|Win32
		{47032DCF-CC33-4AA0-B945-CB3318A37965}.Debug|Win32.ActiveCfg = Debug|Win32
		{47032DCF-CC33-4AA0-B945-CB3318A37965}.Debug|Win32.Build.0 = Debug|Win32
		{47032DCF-CC33-4AA0-B945-CB3318A37965}.Release|Win32.ActiveCfg = Release|Win32
		{47032DCF-CC33-4AA0-B945-CB3318A37965}.Release|Win32.Build.0 = Release|Win32
		{8A1FF006-4165-4336-85F1-D74891B36304}.Debug|Win32.ActiveCfg = Debug|Win32
		{8A1FF006-4165-4336-85F1-D74891B36304}.Debug|Win32.Build.0 = Debug|Win32
		{8A1FF006-4165-4336-85F1-D74891B36304}.Release|Win32.ActiveCfg = Release|Win32
		{8A1FF006-4165-4336-85F1-D74891B36304}.Release|Win32.Build.0 = Release|Win32
		{DE9BE857-CBFD-4197-B3B8-26B6C2BA0E4F}.Debug|Win32.ActiveCfg = Debug|Win32
		{DE9BE857-CBFD-4197-B3B8-26B6C2BA0E4F}.Debug|Win32.Build.0 = Debug|Win32
		{DE9BE857-CBFD-4197-B3B8-26B6C2BA0E4F}.Release|Win32.ActiveCfg = Release|Win32
		{DE9BE857-CBFD-4197-B3B8-26B6C2BA0E4F}.Release|Win32.Build.0 = Release|Win32
	EndGlobalSection
	GlobalSection(SolutionProperties) = preSolution
		HideSolutionNode = FALSE
	EndGlobalSection
EndGlobal
